
Microsoft Visual Studio Solution File, Format Version 12.00
# Visual Studio Version 17
VisualStudioVersion = 17.1.32210.238
MinimumVisualStudioVersion = 10.0.40219.1
Project("{8BC9CEB8-8B4A-11D0-8D11-00A0C91BC942}") = "historgram", "historgram\historgram.vcxproj", "{37ED3527-B12B-4191-B3D9-18948AA31F69}"
EndProject
Global
	GlobalSection(SolutionConfigurationPlatforms) = preSolution
		Debug|x64 = Debug|x64
		Debug|x86 = Debug|x86
		Release|x64 = Release|x64
		Release|x86 = Release|x86
	EndGlobalSection
	GlobalSection(ProjectConfigurationPlatforms) = postSolution
		{37ED3527-B12B-4191-B3D9-18948AA31F69}.Debug|x64.ActiveCfg = Debug|x64
		{37ED3527-B12B-4191-B3D9-18948AA31F69}.Debug|x64.Build.0 = Debug|x64
		{37ED3527-B12B-4191-B3D9-18948AA31F69}.Debug|x86.ActiveCfg = Debug|Win32
		{37ED3527-B12B-4191-B3D9-18948AA31F69}.Debug|x86.Build.0 = Debug|Win32
		{37ED3527-B12B-4191-B3D9-18948AA31F69}.Release|x64.ActiveCfg = Release|x64
		{37ED3527-B12B-4191-B3D9-18948AA31F69}.Release|x64.Build.0 = Release|x64
		{37ED3527-B12B-4191-B3D9-18948AA31F69}.Release|x86.ActiveCfg = Release|Win32
		{37ED3527-B12B-4191-B3D9-18948AA31F69}.Release|x86.Build.0 = Release|Win32
	EndGlobalSection
	GlobalSection(SolutionProperties) = preSolution
		HideSolutionNode = FALSE
	EndGlobalSection
	GlobalSection(ExtensibilityGlobals) = postSolution
		SolutionGuid = {CFF1C56C-F0B5-434B-83C3-1C6B83613261}
	EndGlobalSection
EndGlobal
